// !$*UTF8*$!
{
	archiveVersion = 1;
	classes = {
	};
	objectVersion = 56;
	objects = {

/* Begin PBXBuildFile section */
		2E3DC74328DA763800152153 /* TicTacToeViewController.swift in Sources */ = {isa = PBXBuildFile; fileRef = 2E3DC74228DA763700152153 /* TicTacToeViewController.swift */; };
		2E8C670D28DA392800AEB37B /* AppDelegate.swift in Sources */ = {isa = PBXBuildFile; fileRef = 2E8C670C28DA392800AEB37B /* AppDelegate.swift */; };
		2E8C670F28DA392800AEB37B /* SceneDelegate.swift in Sources */ = {isa = PBXBuildFile; fileRef = 2E8C670E28DA392800AEB37B /* SceneDelegate.swift */; };
		2E8C671128DA392800AEB37B /* MainViewController.swift in Sources */ = {isa = PBXBuildFile; fileRef = 2E8C671028DA392800AEB37B /* MainViewController.swift */; };
		2E8C671428DA392800AEB37B /* Main.storyboard in Resources */ = {isa = PBXBuildFile; fileRef = 2E8C671228DA392800AEB37B /* Main.storyboard */; };
		2E8C671628DA392D00AEB37B /* Assets.xcassets in Resources */ = {isa = PBXBuildFile; fileRef = 2E8C671528DA392D00AEB37B /* Assets.xcassets */; };
		2E8C671928DA392D00AEB37B /* LaunchScreen.storyboard in Resources */ = {isa = PBXBuildFile; fileRef = 2E8C671728DA392D00AEB37B /* LaunchScreen.storyboard */; };
		2E8C672428DA392D00AEB37B /* TictactoeTests.swift in Sources */ = {isa = PBXBuildFile; fileRef = 2E8C672328DA392D00AEB37B /* TictactoeTests.swift */; };
		2E8C672E28DA392D00AEB37B /* TictactoeUITests.swift in Sources */ = {isa = PBXBuildFile; fileRef = 2E8C672D28DA392D00AEB37B /* TictactoeUITests.swift */; };
		2E8C673028DA392D00AEB37B /* TictactoeUITestsLaunchTests.swift in Sources */ = {isa = PBXBuildFile; fileRef = 2E8C672F28DA392D00AEB37B /* TictactoeUITestsLaunchTests.swift */; };
		2EB0786D28DBF1D80017E4C5 /* TicTacToe.swift in Sources */ = {isa = PBXBuildFile; fileRef = 2EB0786C28DBF1D80017E4C5 /* TicTacToe.swift */; };
		2EFEDCBD28DB521B0016F8EA /* TicTacToeCollectionViewCell.xib in Resources */ = {isa = PBXBuildFile; fileRef = 2EFEDCBC28DB521B0016F8EA /* TicTacToeCollectionViewCell.xib */; };
		2EFEDCBF28DB566F0016F8EA /* TicTacToeCollectionViewCell.swift in Sources */ = {isa = PBXBuildFile; fileRef = 2EFEDCBE28DB566F0016F8EA /* TicTacToeCollectionViewCell.swift */; };
		2EFEDCC228DB725A0016F8EA /* NibReusable.swift in Sources */ = {isa = PBXBuildFile; fileRef = 2EFEDCC128DB725A0016F8EA /* NibReusable.swift */; };
/* End PBXBuildFile section */

/* Begin PBXContainerItemProxy section */
		2E8C672028DA392D00AEB37B /* PBXContainerItemProxy */ = {
			isa = PBXContainerItemProxy;
			containerPortal = 2E8C670128DA392800AEB37B /* Project object */;
			proxyType = 1;
			remoteGlobalIDString = 2E8C670828DA392800AEB37B;
			remoteInfo = Tictactoe;
		};
		2E8C672A28DA392D00AEB37B /* PBXContainerItemProxy */ = {
			isa = PBXContainerItemProxy;
			containerPortal = 2E8C670128DA392800AEB37B /* Project object */;
			proxyType = 1;
			remoteGlobalIDString = 2E8C670828DA392800AEB37B;
			remoteInfo = Tictactoe;
		};
/* End PBXContainerItemProxy section */

/* Begin PBXFileReference section */
		2E3DC74228DA763700152153 /* TicTacToeViewController.swift */ = {isa = PBXFileReference; lastKnownFileType = sourcecode.swift; path = TicTacToeViewController.swift; sourceTree = "<group>"; };
		2E8C670928DA392800AEB37B /* Tictactoe.app */ = {isa = PBXFileReference; explicitFileType = wrapper.application; includeInIndex = 0; path = Tictactoe.app; sourceTree = BUILT_PRODUCTS_DIR; };
		2E8C670C28DA392800AEB37B /* AppDelegate.swift */ = {isa = PBXFileReference; lastKnownFileType = sourcecode.swift; path = AppDelegate.swift; sourceTree = "<group>"; };
		2E8C670E28DA392800AEB37B /* SceneDelegate.swift */ = {isa = PBXFileReference; lastKnownFileType = sourcecode.swift; path = SceneDelegate.swift; sourceTree = "<group>"; };
		2E8C671028DA392800AEB37B /* MainViewController.swift */ = {isa = PBXFileReference; lastKnownFileType = sourcecode.swift; path = MainViewController.swift; sourceTree = "<group>"; };
		2E8C671328DA392800AEB37B /* Base */ = {isa = PBXFileReference; lastKnownFileType = file.storyboard; name = Base; path = Base.lproj/Main.storyboard; sourceTree = "<group>"; };
		2E8C671528DA392D00AEB37B /* Assets.xcassets */ = {isa = PBXFileReference; lastKnownFileType = folder.assetcatalog; path = Assets.xcassets; sourceTree = "<group>"; };
		2E8C671828DA392D00AEB37B /* Base */ = {isa = PBXFileReference; lastKnownFileType = file.storyboard; name = Base; path = Base.lproj/LaunchScreen.storyboard; sourceTree = "<group>"; };
		2E8C671A28DA392D00AEB37B /* Info.plist */ = {isa = PBXFileReference; lastKnownFileType = text.plist.xml; path = Info.plist; sourceTree = "<group>"; };
		2E8C671F28DA392D00AEB37B /* TictactoeTests.xctest */ = {isa = PBXFileReference; explicitFileType = wrapper.cfbundle; includeInIndex = 0; path = TictactoeTests.xctest; sourceTree = BUILT_PRODUCTS_DIR; };
		2E8C672328DA392D00AEB37B /* TictactoeTests.swift */ = {isa = PBXFileReference; lastKnownFileType = sourcecode.swift; path = TictactoeTests.swift; sourceTree = "<group>"; };
		2E8C672928DA392D00AEB37B /* TictactoeUITests.xctest */ = {isa = PBXFileReference; explicitFileType = wrapper.cfbundle; includeInIndex = 0; path = TictactoeUITests.xctest; sourceTree = BUILT_PRODUCTS_DIR; };
		2E8C672D28DA392D00AEB37B /* TictactoeUITests.swift */ = {isa = PBXFileReference; lastKnownFileType = sourcecode.swift; path = TictactoeUITests.swift; sourceTree = "<group>"; };
		2E8C672F28DA392D00AEB37B /* TictactoeUITestsLaunchTests.swift */ = {isa = PBXFileReference; lastKnownFileType = sourcecode.swift; path = TictactoeUITestsLaunchTests.swift; sourceTree = "<group>"; };
		2EB0786C28DBF1D80017E4C5 /* TicTacToe.swift */ = {isa = PBXFileReference; lastKnownFileType = sourcecode.swift; path = TicTacToe.swift; sourceTree = "<group>"; };
		2EFEDCBC28DB521B0016F8EA /* TicTacToeCollectionViewCell.xib */ = {isa = PBXFileReference; lastKnownFileType = file.xib; path = TicTacToeCollectionViewCell.xib; sourceTree = "<group>"; };
		2EFEDCBE28DB566F0016F8EA /* TicTacToeCollectionViewCell.swift */ = {isa = PBXFileReference; lastKnownFileType = sourcecode.swift; path = TicTacToeCollectionViewCell.swift; sourceTree = "<group>"; };
		2EFEDCC128DB725A0016F8EA /* NibReusable.swift */ = {isa = PBXFileReference; lastKnownFileType = sourcecode.swift; path = NibReusable.swift; sourceTree = "<group>"; };
/* End PBXFileReference section */

/* Begin PBXFrameworksBuildPhase section */
		2E8C670628DA392800AEB37B /* Frameworks */ = {
			isa = PBXFrameworksBuildPhase;
			buildActionMask = 2147483647;
			files = (
			);
			runOnlyForDeploymentPostprocessing = 0;
		};
		2E8C671C28DA392D00AEB37B /* Frameworks */ = {
			isa = PBXFrameworksBuildPhase;
			buildActionMask = 2147483647;
			files = (
			);
			runOnlyForDeploymentPostprocessing = 0;
		};
		2E8C672628DA392D00AEB37B /* Frameworks */ = {
			isa = PBXFrameworksBuildPhase;
			buildActionMask = 2147483647;
			files = (
			);
			runOnlyForDeploymentPostprocessing = 0;
		};
/* End PBXFrameworksBuildPhase section */

/* Begin PBXGroup section */
		2E8C670028DA392800AEB37B = {
			isa = PBXGroup;
			children = (
				2E8C670B28DA392800AEB37B /* Tictactoe */,
				2E8C672228DA392D00AEB37B /* TictactoeTests */,
				2E8C672C28DA392D00AEB37B /* TictactoeUITests */,
				2E8C670A28DA392800AEB37B /* Products */,
			);
			sourceTree = "<group>";
		};
		2E8C670A28DA392800AEB37B /* Products */ = {
			isa = PBXGroup;
			children = (
				2E8C670928DA392800AEB37B /* Tictactoe.app */,
				2E8C671F28DA392D00AEB37B /* TictactoeTests.xctest */,
				2E8C672928DA392D00AEB37B /* TictactoeUITests.xctest */,
			);
			name = Products;
			sourceTree = "<group>";
		};
		2E8C670B28DA392800AEB37B /* Tictactoe */ = {
			isa = PBXGroup;
			children = (
				2EFEDCC028DB723E0016F8EA /* Utils */,
				2E8C670C28DA392800AEB37B /* AppDelegate.swift */,
				2E8C670E28DA392800AEB37B /* SceneDelegate.swift */,
				2E8C671028DA392800AEB37B /* MainViewController.swift */,
				2E8C671228DA392800AEB37B /* Main.storyboard */,
				2E8C671528DA392D00AEB37B /* Assets.xcassets */,
				2E8C671728DA392D00AEB37B /* LaunchScreen.storyboard */,
				2E8C671A28DA392D00AEB37B /* Info.plist */,
				2E3DC74228DA763700152153 /* TicTacToeViewController.swift */,
				2EFEDCBC28DB521B0016F8EA /* TicTacToeCollectionViewCell.xib */,
				2EFEDCBE28DB566F0016F8EA /* TicTacToeCollectionViewCell.swift */,
				2EB0786C28DBF1D80017E4C5 /* TicTacToe.swift */,
			);
			path = Tictactoe;
			sourceTree = "<group>";
		};
		2E8C672228DA392D00AEB37B /* TictactoeTests */ = {
			isa = PBXGroup;
			children = (
				2E8C672328DA392D00AEB37B /* TictactoeTests.swift */,
			);
			path = TictactoeTests;
			sourceTree = "<group>";
		};
		2E8C672C28DA392D00AEB37B /* TictactoeUITests */ = {
			isa = PBXGroup;
			children = (
				2E8C672D28DA392D00AEB37B /* TictactoeUITests.swift */,
				2E8C672F28DA392D00AEB37B /* TictactoeUITestsLaunchTests.swift */,
			);
			path = TictactoeUITests;
			sourceTree = "<group>";
		};
		2EFEDCC028DB723E0016F8EA /* Utils */ = {
			isa = PBXGroup;
			children = (
				2EFEDCC128DB725A0016F8EA /* NibReusable.swift */,
			);
			path = Utils;
			sourceTree = "<group>";
		};
/* End PBXGroup section */

/* Begin PBXNativeTarget section */
		2E8C670828DA392800AEB37B /* Tictactoe */ = {
			isa = PBXNativeTarget;
			buildConfigurationList = 2E8C673328DA392D00AEB37B /* Build configuration list for PBXNativeTarget "Tictactoe" */;
			buildPhases = (
				2E8C670528DA392800AEB37B /* Sources */,
				2E8C670628DA392800AEB37B /* Frameworks */,
				2E8C670728DA392800AEB37B /* Resources */,
			);
			buildRules = (
			);
			dependencies = (
			);
			name = Tictactoe;
			productName = Tictactoe;
			productReference = 2E8C670928DA392800AEB37B /* Tictactoe.app */;
			productType = "com.apple.product-type.application";
		};
		2E8C671E28DA392D00AEB37B /* TictactoeTests */ = {
			isa = PBXNativeTarget;
			buildConfigurationList = 2E8C673628DA392D00AEB37B /* Build configuration list for PBXNativeTarget "TictactoeTests" */;
			buildPhases = (
				2E8C671B28DA392D00AEB37B /* Sources */,
				2E8C671C28DA392D00AEB37B /* Frameworks */,
				2E8C671D28DA392D00AEB37B /* Resources */,
			);
			buildRules = (
			);
			dependencies = (
				2E8C672128DA392D00AEB37B /* PBXTargetDependency */,
			);
			name = TictactoeTests;
			productName = TictactoeTests;
			productReference = 2E8C671F28DA392D00AEB37B /* TictactoeTests.xctest */;
			productType = "com.apple.product-type.bundle.unit-test";
		};
		2E8C672828DA392D00AEB37B /* TictactoeUITests */ = {
			isa = PBXNativeTarget;
			buildConfigurationList = 2E8C673928DA392D00AEB37B /* Build configuration list for PBXNativeTarget "TictactoeUITests" */;
			buildPhases = (
				2E8C672528DA392D00AEB37B /* Sources */,
				2E8C672628DA392D00AEB37B /* Frameworks */,
				2E8C672728DA392D00AEB37B /* Resources */,
			);
			buildRules = (
			);
			dependencies = (
				2E8C672B28DA392D00AEB37B /* PBXTargetDependency */,
			);
			name = TictactoeUITests;
			productName = TictactoeUITests;
			productReference = 2E8C672928DA392D00AEB37B /* TictactoeUITests.xctest */;
			productType = "com.apple.product-type.bundle.ui-testing";
		};
/* End PBXNativeTarget section */

/* Begin PBXProject section */
		2E8C670128DA392800AEB37B /* Project object */ = {
			isa = PBXProject;
			attributes = {
				BuildIndependentTargetsInParallel = 1;
				LastSwiftUpdateCheck = 1400;
				LastUpgradeCheck = 1400;
				TargetAttributes = {
					2E8C670828DA392800AEB37B = {
						CreatedOnToolsVersion = 14.0;
					};
					2E8C671E28DA392D00AEB37B = {
						CreatedOnToolsVersion = 14.0;
						TestTargetID = 2E8C670828DA392800AEB37B;
					};
					2E8C672828DA392D00AEB37B = {
						CreatedOnToolsVersion = 14.0;
						TestTargetID = 2E8C670828DA392800AEB37B;
					};
				};
			};
			buildConfigurationList = 2E8C670428DA392800AEB37B /* Build configuration list for PBXProject "Tictactoe" */;
			compatibilityVersion = "Xcode 14.0";
			developmentRegion = en;
			hasScannedForEncodings = 0;
			knownRegions = (
				en,
				Base,
			);
			mainGroup = 2E8C670028DA392800AEB37B;
			productRefGroup = 2E8C670A28DA392800AEB37B /* Products */;
			projectDirPath = "";
			projectRoot = "";
			targets = (
				2E8C670828DA392800AEB37B /* Tictactoe */,
				2E8C671E28DA392D00AEB37B /* TictactoeTests */,
				2E8C672828DA392D00AEB37B /* TictactoeUITests */,
			);
		};
/* End PBXProject section */

/* Begin PBXResourcesBuildPhase section */
		2E8C670728DA392800AEB37B /* Resources */ = {
			isa = PBXResourcesBuildPhase;
			buildActionMask = 2147483647;
			files = (
				2E8C671928DA392D00AEB37B /* LaunchScreen.storyboard in Resources */,
				2E8C671628DA392D00AEB37B /* Assets.xcassets in Resources */,
				2E8C671428DA392800AEB37B /* Main.storyboard in Resources */,
				2EFEDCBD28DB521B0016F8EA /* TicTacToeCollectionViewCell.xib in Resources */,
			);
			runOnlyForDeploymentPostprocessing = 0;
		};
		2E8C671D28DA392D00AEB37B /* Resources */ = {
			isa = PBXResourcesBuildPhase;
			buildActionMask = 2147483647;
			files = (
			);
			runOnlyForDeploymentPostprocessing = 0;
		};
		2E8C672728DA392D00AEB37B /* Resources */ = {
			isa = PBXResourcesBuildPhase;
			buildActionMask = 2147483647;
			files = (
			);
			runOnlyForDeploymentPostprocessing = 0;
		};
/* End PBXResourcesBuildPhase section */

/* Begin PBXSourcesBuildPhase section */
		2E8C670528DA392800AEB37B /* Sources */ = {
			isa = PBXSourcesBuildPhase;
			buildActionMask = 2147483647;
			files = (
				2EFEDCC228DB725A0016F8EA /* NibReusable.swift in Sources */,
				2EFEDCBF28DB566F0016F8EA /* TicTacToeCollectionViewCell.swift in Sources */,
				2E8C671128DA392800AEB37B /* MainViewController.swift in Sources */,
				2E8C670D28DA392800AEB37B /* AppDelegate.swift in Sources */,
				2E8C670F28DA392800AEB37B /* SceneDelegate.swift in Sources */,
				2E3DC74328DA763800152153 /* TicTacToeViewController.swift in Sources */,
				2EB0786D28DBF1D80017E4C5 /* TicTacToe.swift in Sources */,
			);
			runOnlyForDeploymentPostprocessing = 0;
		};
		2E8C671B28DA392D00AEB37B /* Sources */ = {
			isa = PBXSourcesBuildPhase;
			buildActionMask = 2147483647;
			files = (
				2E8C672428DA392D00AEB37B /* TictactoeTests.swift in Sources */,
			);
			runOnlyForDeploymentPostprocessing = 0;
		};
		2E8C672528DA392D00AEB37B /* Sources */ = {
			isa = PBXSourcesBuildPhase;
			buildActionMask = 2147483647;
			files = (
				2E8C672E28DA392D00AEB37B /* TictactoeUITests.swift in Sources */,
				2E8C673028DA392D00AEB37B /* TictactoeUITestsLaunchTests.swift in Sources */,
			);
			runOnlyForDeploymentPostprocessing = 0;
		};
/* End PBXSourcesBuildPhase section */

/* Begin PBXTargetDependency section */
		2E8C672128DA392D00AEB37B /* PBXTargetDependency */ = {
			isa = PBXTargetDependency;
			target = 2E8C670828DA392800AEB37B /* Tictactoe */;
			targetProxy = 2E8C672028DA392D00AEB37B /* PBXContainerItemProxy */;
		};
		2E8C672B28DA392D00AEB37B /* PBXTargetDependency */ = {
			isa = PBXTargetDependency;
			target = 2E8C670828DA392800AEB37B /* Tictactoe */;
			targetProxy = 2E8C672A28DA392D00AEB37B /* PBXContainerItemProxy */;
		};
/* End PBXTargetDependency section */

/* Begin PBXVariantGroup section */
		2E8C671228DA392800AEB37B /* Main.storyboard */ = {
			isa = PBXVariantGroup;
			children = (
				2E8C671328DA392800AEB37B /* Base */,
			);
			name = Main.storyboard;
			sourceTree = "<group>";
		};
		2E8C671728DA392D00AEB37B /* LaunchScreen.storyboard */ = {
			isa = PBXVariantGroup;
			children = (
				2E8C671828DA392D00AEB37B /* Base */,
			);
			name = LaunchScreen.storyboard;
			sourceTree = "<group>";
		};
/* End PBXVariantGroup section */

/* Begin XCBuildConfiguration section */
		2E8C673128DA392D00AEB37B /* Debug */ = {
			isa = XCBuildConfiguration;
			buildSettings = {
				ALWAYS_SEARCH_USER_PATHS = NO;
				CLANG_ANALYZER_NONNULL = YES;
				CLANG_ANALYZER_NUMBER_OBJECT_CONVERSION = YES_AGGRESSIVE;
				CLANG_CXX_LANGUAGE_STANDARD = "gnu++20";
				CLANG_ENABLE_MODULES = YES;
				CLANG_ENABLE_OBJC_ARC = YES;
				CLANG_ENABLE_OBJC_WEAK = YES;
				CLANG_WARN_BLOCK_CAPTURE_AUTORELEASING = YES;
				CLANG_WARN_BOOL_CONVERSION = YES;
				CLANG_WARN_COMMA = YES;
				CLANG_WARN_CONSTANT_CONVERSION = YES;
				CLANG_WARN_DEPRECATED_OBJC_IMPLEMENTATIONS = YES;
				CLANG_WARN_DIRECT_OBJC_ISA_USAGE = YES_ERROR;
				CLANG_WARN_DOCUMENTATION_COMMENTS = YES;
				CLANG_WARN_EMPTY_BODY = YES;
				CLANG_WARN_ENUM_CONVERSION = YES;
				CLANG_WARN_INFINITE_RECURSION = YES;
				CLANG_WARN_INT_CONVERSION = YES;
				CLANG_WARN_NON_LITERAL_NULL_CONVERSION = YES;
				CLANG_WARN_OBJC_IMPLICIT_RETAIN_SELF = YES;
				CLANG_WARN_OBJC_LITERAL_CONVERSION = YES;
				CLANG_WARN_OBJC_ROOT_CLASS = YES_ERROR;
				CLANG_WARN_QUOTED_INCLUDE_IN_FRAMEWORK_HEADER = YES;
				CLANG_WARN_RANGE_LOOP_ANALYSIS = YES;
				CLANG_WARN_STRICT_PROTOTYPES = YES;
				CLANG_WARN_SUSPICIOUS_MOVE = YES;
				CLANG_WARN_UNGUARDED_AVAILABILITY = YES_AGGRESSIVE;
				CLANG_WARN_UNREACHABLE_CODE = YES;
				CLANG_WARN__DUPLICATE_METHOD_MATCH = YES;
				COPY_PHASE_STRIP = NO;
				DEBUG_INFORMATION_FORMAT = dwarf;
				ENABLE_STRICT_OBJC_MSGSEND = YES;
				ENABLE_TESTABILITY = YES;
				GCC_C_LANGUAGE_STANDARD = gnu11;
				GCC_DYNAMIC_NO_PIC = NO;
				GCC_NO_COMMON_BLOCKS = YES;
				GCC_OPTIMIZATION_LEVEL = 0;
				GCC_PREPROCESSOR_DEFINITIONS = (
					"DEBUG=1",
					"$(inherited)",
				);
				GCC_WARN_64_TO_32_BIT_CONVERSION = YES;
				GCC_WARN_ABOUT_RETURN_TYPE = YES_ERROR;
				GCC_WARN_UNDECLARED_SELECTOR = YES;
				GCC_WARN_UNINITIALIZED_AUTOS = YES_AGGRESSIVE;
				GCC_WARN_UNUSED_FUNCTION = YES;
				GCC_WARN_UNUSED_VARIABLE = YES;
				IPHONEOS_DEPLOYMENT_TARGET = 16.0;
				MTL_ENABLE_DEBUG_INFO = INCLUDE_SOURCE;
				MTL_FAST_MATH = YES;
				ONLY_ACTIVE_ARCH = YES;
				SDKROOT = iphoneos;
				SWIFT_ACTIVE_COMPILATION_CONDITIONS = DEBUG;
				SWIFT_OPTIMIZATION_LEVEL = "-Onone";
			};
			name = Debug;
		};
		2E8C673228DA392D00AEB37B /* Release */ = {
			isa = XCBuildConfiguration;
			buildSettings = {
				ALWAYS_SEARCH_USER_PATHS = NO;
				CLANG_ANALYZER_NONNULL = YES;
				CLANG_ANALYZER_NUMBER_OBJECT_CONVERSION = YES_AGGRESSIVE;
				CLANG_CXX_LANGUAGE_STANDARD = "gnu++20";
				CLANG_ENABLE_MODULES = YES;
				CLANG_ENABLE_OBJC_ARC = YES;
				CLANG_ENABLE_OBJC_WEAK = YES;
				CLANG_WARN_BLOCK_CAPTURE_AUTORELEASING = YES;
				CLANG_WARN_BOOL_CONVERSION = YES;
				CLANG_WARN_COMMA = YES;
				CLANG_WARN_CONSTANT_CONVERSION = YES;
				CLANG_WARN_DEPRECATED_OBJC_IMPLEMENTATIONS = YES;
				CLANG_WARN_DIRECT_OBJC_ISA_USAGE = YES_ERROR;
				CLANG_WARN_DOCUMENTATION_COMMENTS = YES;
				CLANG_WARN_EMPTY_BODY = YES;
				CLANG_WARN_ENUM_CONVERSION = YES;
				CLANG_WARN_INFINITE_RECURSION = YES;
				CLANG_WARN_INT_CONVERSION = YES;
				CLANG_WARN_NON_LITERAL_NULL_CONVERSION = YES;
				CLANG_WARN_OBJC_IMPLICIT_RETAIN_SELF = YES;
				CLANG_WARN_OBJC_LITERAL_CONVERSION = YES;
				CLANG_WARN_OBJC_ROOT_CLASS = YES_ERROR;
				CLANG_WARN_QUOTED_INCLUDE_IN_FRAMEWORK_HEADER = YES;
				CLANG_WARN_RANGE_LOOP_ANALYSIS = YES;
				CLANG_WARN_STRICT_PROTOTYPES = YES;
				CLANG_WARN_SUSPICIOUS_MOVE = YES;
				CLANG_WARN_UNGUARDED_AVAILABILITY = YES_AGGRESSIVE;
				CLANG_WARN_UNREACHABLE_CODE = YES;
				CLANG_WARN__DUPLICATE_METHOD_MATCH = YES;
				COPY_PHASE_STRIP = NO;
				DEBUG_INFORMATION_FORMAT = "dwarf-with-dsym";
				ENABLE_NS_ASSERTIONS = NO;
				ENABLE_STRICT_OBJC_MSGSEND = YES;
				GCC_C_LANGUAGE_STANDARD = gnu11;
				GCC_NO_COMMON_BLOCKS = YES;
				GCC_WARN_64_TO_32_BIT_CONVERSION = YES;
				GCC_WARN_ABOUT_RETURN_TYPE = YES_ERROR;
				GCC_WARN_UNDECLARED_SELECTOR = YES;
				GCC_WARN_UNINITIALIZED_AUTOS = YES_AGGRESSIVE;
				GCC_WARN_UNUSED_FUNCTION = YES;
				GCC_WARN_UNUSED_VARIABLE = YES;
				IPHONEOS_DEPLOYMENT_TARGET = 16.0;
				MTL_ENABLE_DEBUG_INFO = NO;
				MTL_FAST_MATH = YES;
				SDKROOT = iphoneos;
				SWIFT_COMPILATION_MODE = wholemodule;
				SWIFT_OPTIMIZATION_LEVEL = "-O";
				VALIDATE_PRODUCT = YES;
			};
			name = Release;
		};
		2E8C673428DA392D00AEB37B /* Debug */ = {
			isa = XCBuildConfiguration;
			buildSettings = {
				ASSETCATALOG_COMPILER_APPICON_NAME = AppIcon;
				ASSETCATALOG_COMPILER_GLOBAL_ACCENT_COLOR_NAME = AccentColor;
				CODE_SIGN_STYLE = Automatic;
				CURRENT_PROJECT_VERSION = 1;
				DEVELOPMENT_TEAM = SXRB2R2A5T;
				GENERATE_INFOPLIST_FILE = YES;
				INFOPLIST_FILE = Tictactoe/Info.plist;
				INFOPLIST_KEY_UIApplicationSupportsIndirectInputEvents = YES;
				INFOPLIST_KEY_UILaunchStoryboardName = LaunchScreen;
				INFOPLIST_KEY_UIMainStoryboardFile = Main;
				INFOPLIST_KEY_UISupportedInterfaceOrientations_iPad = "UIInterfaceOrientationPortrait UIInterfaceOrientationPortraitUpsideDown UIInterfaceOrientationLandscapeLeft UIInterfaceOrientationLandscapeRight";
				INFOPLIST_KEY_UISupportedInterfaceOrientations_iPhone = "UIInterfaceOrientationPortrait UIInterfaceOrientationLandscapeLeft UIInterfaceOrientationLandscapeRight";
				LD_RUNPATH_SEARCH_PATHS = (
					"$(inherited)",
					"@executable_path/Frameworks",
				);
				MARKETING_VERSION = 1.0;
				PRODUCT_BUNDLE_IDENTIFIER = cecilia.Tictactoe;
				PRODUCT_NAME = "$(TARGET_NAME)";
				SWIFT_EMIT_LOC_STRINGS = YES;
				SWIFT_VERSION = 5.0;
				TARGETED_DEVICE_FAMILY = "1,2";
			};
			name = Debug;
		};
		2E8C673528DA392D00AEB37B /* Release */ = {
			isa = XCBuildConfiguration;
			buildSettings = {
				ASSETCATALOG_COMPILER_APPICON_NAME = AppIcon;
				ASSETCATALOG_COMPILER_GLOBAL_ACCENT_COLOR_NAME = AccentColor;
				CODE_SIGN_STYLE = Automatic;
				CURRENT_PROJECT_VERSION = 1;
				DEVELOPMENT_TEAM = SXRB2R2A5T;
				GENERATE_INFOPLIST_FILE = YES;
				INFOPLIST_FILE = Tictactoe/Info.plist;
				INFOPLIST_KEY_UIApplicationSupportsIndirectInputEvents = YES;
				INFOPLIST_KEY_UILaunchStoryboardName = LaunchScreen;
				INFOPLIST_KEY_UIMainStoryboardFile = Main;
				INFOPLIST_KEY_UISupportedInterfaceOrientations_iPad = "UIInterfaceOrientationPortrait UIInterfaceOrientationPortraitUpsideDown UIInterfaceOrientationLandscapeLeft UIInterfaceOrientationLandscapeRight";
				INFOPLIST_KEY_UISupportedInterfaceOrientations_iPhone = "UIInterfaceOrientationPortrait UIInterfaceOrientationLandscapeLeft UIInterfaceOrientationLandscapeRight";
				LD_RUNPATH_SEARCH_PATHS = (
					"$(inherited)",
					"@executable_path/Frameworks",
				);
				MARKETING_VERSION = 1.0;
				PRODUCT_BUNDLE_IDENTIFIER = cecilia.Tictactoe;
				PRODUCT_NAME = "$(TARGET_NAME)";
				SWIFT_EMIT_LOC_STRINGS = YES;
				SWIFT_VERSION = 5.0;
				TARGETED_DEVICE_FAMILY = "1,2";
			};
			name = Release;
		};
		2E8C673728DA392D00AEB37B /* Debug */ = {
			isa = XCBuildConfiguration;
			buildSettings = {
				ALWAYS_EMBED_SWIFT_STANDARD_LIBRARIES = YES;
				BUNDLE_LOADER = "$(TEST_HOST)";
				CODE_SIGN_STYLE = Automatic;
				CURRENT_PROJECT_VERSION = 1;
				DEVELOPMENT_TEAM = SXRB2R2A5T;
				GENERATE_INFOPLIST_FILE = YES;
				IPHONEOS_DEPLOYMENT_TARGET = 16.0;
				MARKETING_VERSION = 1.0;
				PRODUCT_BUNDLE_IDENTIFIER = cecilia.TictactoeTests;
				PRODUCT_NAME = "$(TARGET_NAME)";
				SWIFT_EMIT_LOC_STRINGS = NO;
				SWIFT_VERSION = 5.0;
				TARGETED_DEVICE_FAMILY = "1,2";
				TEST_HOST = "$(BUILT_PRODUCTS_DIR)/Tictactoe.app/$(BUNDLE_EXECUTABLE_FOLDER_PATH)/Tictactoe";
			};
			name = Debug;
		};
		2E8C673828DA392D00AEB37B /* Release */ = {
			isa = XCBuildConfiguration;
			buildSettings = {
				ALWAYS_EMBED_SWIFT_STANDARD_LIBRARIES = YES;
				BUNDLE_LOADER = "$(TEST_HOST)";
				CODE_SIGN_STYLE = Automatic;
				CURRENT_PROJECT_VERSION = 1;
				DEVELOPMENT_TEAM = SXRB2R2A5T;
				GENERATE_INFOPLIST_FILE = YES;
				IPHONEOS_DEPLOYMENT_TARGET = 16.0;
				MARKETING_VERSION = 1.0;
				PRODUCT_BUNDLE_IDENTIFIER = cecilia.TictactoeTests;
				PRODUCT_NAME = "$(TARGET_NAME)";
				SWIFT_EMIT_LOC_STRINGS = NO;
				SWIFT_VERSION = 5.0;
				TARGETED_DEVICE_FAMILY = "1,2";
				TEST_HOST = "$(BUILT_PRODUCTS_DIR)/Tictactoe.app/$(BUNDLE_EXECUTABLE_FOLDER_PATH)/Tictactoe";
			};
			name = Release;
		};
		2E8C673A28DA392D00AEB37B /* Debug */ = {
			isa = XCBuildConfiguration;
			buildSettings = {
				ALWAYS_EMBED_SWIFT_STANDARD_LIBRARIES = YES;
				CODE_SIGN_STYLE = Automatic;
				CURRENT_PROJECT_VERSION = 1;
				DEVELOPMENT_TEAM = SXRB2R2A5T;
				GENERATE_INFOPLIST_FILE = YES;
				MARKETING_VERSION = 1.0;
				PRODUCT_BUNDLE_IDENTIFIER = cecilia.TictactoeUITests;
				PRODUCT_NAME = "$(TARGET_NAME)";
				SWIFT_EMIT_LOC_STRINGS = NO;
				SWIFT_VERSION = 5.0;
				TARGETED_DEVICE_FAMILY = "1,2";
				TEST_TARGET_NAME = Tictactoe;
			};
			name = Debug;
		};
		2E8C673B28DA392D00AEB37B /* Release */ = {
			isa = XCBuildConfiguration;
			buildSettings = {
				ALWAYS_EMBED_SWIFT_STANDARD_LIBRARIES = YES;
				CODE_SIGN_STYLE = Automatic;
				CURRENT_PROJECT_VERSION = 1;
				DEVELOPMENT_TEAM = SXRB2R2A5T;
				GENERATE_INFOPLIST_FILE = YES;
				MARKETING_VERSION = 1.0;
				PRODUCT_BUNDLE_IDENTIFIER = cecilia.TictactoeUITests;
				PRODUCT_NAME = "$(TARGET_NAME)";
				SWIFT_EMIT_LOC_STRINGS = NO;
				SWIFT_VERSION = 5.0;
				TARGETED_DEVICE_FAMILY = "1,2";
				TEST_TARGET_NAME = Tictactoe;
			};
			name = Release;
		};
/* End XCBuildConfiguration section */

/* Begin XCConfigurationList section */
		2E8C670428DA392800AEB37B /* Build configuration list for PBXProject "Tictactoe" */ = {
			isa = XCConfigurationList;
			buildConfigurations = (
				2E8C673128DA392D00AEB37B /* Debug */,
				2E8C673228DA392D00AEB37B /* Release */,
			);
			defaultConfigurationIsVisible = 0;
			defaultConfigurationName = Release;
		};
		2E8C673328DA392D00AEB37B /* Build configuration list for PBXNativeTarget "Tictactoe" */ = {
			isa = XCConfigurationList;
			buildConfigurations = (
				2E8C673428DA392D00AEB37B /* Debug */,
				2E8C673528DA392D00AEB37B /* Release */,
			);
			defaultConfigurationIsVisible = 0;
			defaultConfigurationName = Release;
		};
		2E8C673628DA392D00AEB37B /* Build configuration list for PBXNativeTarget "TictactoeTests" */ = {
			isa = XCConfigurationList;
			buildConfigurations = (
				2E8C673728DA392D00AEB37B /* Debug */,
				2E8C673828DA392D00AEB37B /* Release */,
			);
			defaultConfigurationIsVisible = 0;
			defaultConfigurationName = Release;
		};
		2E8C673928DA392D00AEB37B /* Build configuration list for PBXNativeTarget "TictactoeUITests" */ = {
			isa = XCConfigurationList;
			buildConfigurations = (
				2E8C673A28DA392D00AEB37B /* Debug */,
				2E8C673B28DA392D00AEB37B /* Release */,
			);
			defaultConfigurationIsVisible = 0;
			defaultConfigurationName = Release;
		};
/* End XCConfigurationList section */
	};
	rootObject = 2E8C670128DA392800AEB37B /* Project object */;
}
